// !$*UTF8*$!
{
	archiveVersion = 1;
	classes = {
	};
	objectVersion = 50;
	objects = {

/* Begin PBXBuildFile section */
		B15CBA1F22A0B35E00BE7F2F /* Alert.swift in Sources */ = {isa = PBXBuildFile; fileRef = B15CBA1A22A0B35E00BE7F2F /* Alert.swift */; };
		B15CBA2022A0B35E00BE7F2F /* Post.swift in Sources */ = {isa = PBXBuildFile; fileRef = B15CBA1B22A0B35E00BE7F2F /* Post.swift */; };
		B15CBA2222A0B35E00BE7F2F /* UnderlineTextField.swift in Sources */ = {isa = PBXBuildFile; fileRef = B15CBA1D22A0B35E00BE7F2F /* UnderlineTextField.swift */; };
		B15CBA2322A0B35E00BE7F2F /* Switcher.swift in Sources */ = {isa = PBXBuildFile; fileRef = B15CBA1E22A0B35E00BE7F2F /* Switcher.swift */; };
		B15CBA3022A0B39500BE7F2F /* SessionsVC.swift in Sources */ = {isa = PBXBuildFile; fileRef = B15CBA2622A0B39500BE7F2F /* SessionsVC.swift */; };
		B15CBA3122A0B39500BE7F2F /* ForgotPassword.swift in Sources */ = {isa = PBXBuildFile; fileRef = B15CBA2722A0B39500BE7F2F /* ForgotPassword.swift */; };
		B15CBA3222A0B39500BE7F2F /* SettingsVC.swift in Sources */ = {isa = PBXBuildFile; fileRef = B15CBA2822A0B39500BE7F2F /* SettingsVC.swift */; };
		B15CBA3322A0B39500BE7F2F /* CreateQuestionVC.swift in Sources */ = {isa = PBXBuildFile; fileRef = B15CBA2922A0B39500BE7F2F /* CreateQuestionVC.swift */; };
		B15CBA3422A0B39500BE7F2F /* SignInVC.swift in Sources */ = {isa = PBXBuildFile; fileRef = B15CBA2A22A0B39500BE7F2F /* SignInVC.swift */; };
		B15CBA3522A0B39500BE7F2F /* WelcomeNavController.swift in Sources */ = {isa = PBXBuildFile; fileRef = B15CBA2B22A0B39500BE7F2F /* WelcomeNavController.swift */; };
		B15CBA3622A0B39500BE7F2F /* MainTabController.swift in Sources */ = {isa = PBXBuildFile; fileRef = B15CBA2C22A0B39500BE7F2F /* MainTabController.swift */; };
		B15CBA3722A0B39500BE7F2F /* WelcomeVC.swift in Sources */ = {isa = PBXBuildFile; fileRef = B15CBA2D22A0B39500BE7F2F /* WelcomeVC.swift */; };
		B15CBA3A22A0B47700BE7F2F /* LaunchScreen.storyboard in Resources */ = {isa = PBXBuildFile; fileRef = B15CBA3822A0B47700BE7F2F /* LaunchScreen.storyboard */; };
		B15CBA3B22A0B47700BE7F2F /* Main.storyboard in Resources */ = {isa = PBXBuildFile; fileRef = B15CBA3922A0B47700BE7F2F /* Main.storyboard */; };
		B19903552269751E007A0FD5 /* AppDelegate.swift in Sources */ = {isa = PBXBuildFile; fileRef = B19903542269751E007A0FD5 /* AppDelegate.swift */; };
		B199035E2269751F007A0FD5 /* Assets.xcassets in Resources */ = {isa = PBXBuildFile; fileRef = B199035D2269751F007A0FD5 /* Assets.xcassets */; };
		B1B6EF9E22B8CE9E0071A271 /* MessageCell.xib in Resources */ = {isa = PBXBuildFile; fileRef = B1B6EF9C22B8CE9E0071A271 /* MessageCell.xib */; };
		B1B6EF9F22B8CE9E0071A271 /* MessageCell.swift in Sources */ = {isa = PBXBuildFile; fileRef = B1B6EF9D22B8CE9E0071A271 /* MessageCell.swift */; };
		B1B6EFA122B8D9800071A271 /* MessagesVC.swift in Sources */ = {isa = PBXBuildFile; fileRef = B1B6EFA022B8D9800071A271 /* MessagesVC.swift */; };
		B1D877EC22B6244A0043FC2C /* UIViewControllerExtension.swift in Sources */ = {isa = PBXBuildFile; fileRef = B1D877EA22B6244A0043FC2C /* UIViewControllerExtension.swift */; };
		B1D877ED22B6244A0043FC2C /* UIViewExtension.swift in Sources */ = {isa = PBXBuildFile; fileRef = B1D877EB22B6244A0043FC2C /* UIViewExtension.swift */; };
		B1D877F122B6245C0043FC2C /* DataService.swift in Sources */ = {isa = PBXBuildFile; fileRef = B1D877EF22B6245C0043FC2C /* DataService.swift */; };
		B1D877F222B6245C0043FC2C /* AuthService.swift in Sources */ = {isa = PBXBuildFile; fileRef = B1D877F022B6245C0043FC2C /* AuthService.swift */; };
		B1D877F422B624AD0043FC2C /* Question.swift in Sources */ = {isa = PBXBuildFile; fileRef = B1D877F322B624AD0043FC2C /* Question.swift */; };
		B1D877F622B690060043FC2C /* UserCell.swift in Sources */ = {isa = PBXBuildFile; fileRef = B1D877F522B690060043FC2C /* UserCell.swift */; };
		B1D877F822B7B62C0043FC2C /* RegisterVC.swift in Sources */ = {isa = PBXBuildFile; fileRef = B1D877F722B7B62C0043FC2C /* RegisterVC.swift */; };
		B1E6549822B7D79100E78E10 /* QuestionCell.swift in Sources */ = {isa = PBXBuildFile; fileRef = B1E6549622B7D79100E78E10 /* QuestionCell.swift */; };
		B1E6549922B7D79100E78E10 /* QuestionCell.xib in Resources */ = {isa = PBXBuildFile; fileRef = B1E6549722B7D79100E78E10 /* QuestionCell.xib */; };
		B1E7E5E222A0DCE9001ADA97 /* GoogleService-Info.plist in Resources */ = {isa = PBXBuildFile; fileRef = B1E7E5E122A0DCE9001ADA97 /* GoogleService-Info.plist */; };
		DC84D3C34C8F7DFDBBE06BA3 /* Pods_Zefort.framework in Frameworks */ = {isa = PBXBuildFile; fileRef = A5786F01E65A8025F3B11F8C /* Pods_Zefort.framework */; };
/* End PBXBuildFile section */

/* Begin PBXFileReference section */
		08D0A267BAF864AD960C3E9A /* Pods-Zefort.debug.xcconfig */ = {isa = PBXFileReference; includeInIndex = 1; lastKnownFileType = text.xcconfig; name = "Pods-Zefort.debug.xcconfig"; path = "Target Support Files/Pods-Zefort/Pods-Zefort.debug.xcconfig"; sourceTree = "<group>"; };
		29160439A72953F1CF0F4318 /* Pods-Zefort.release.xcconfig */ = {isa = PBXFileReference; includeInIndex = 1; lastKnownFileType = text.xcconfig; name = "Pods-Zefort.release.xcconfig"; path = "Target Support Files/Pods-Zefort/Pods-Zefort.release.xcconfig"; sourceTree = "<group>"; };
		A5786F01E65A8025F3B11F8C /* Pods_Zefort.framework */ = {isa = PBXFileReference; explicitFileType = wrapper.framework; includeInIndex = 0; path = Pods_Zefort.framework; sourceTree = BUILT_PRODUCTS_DIR; };
		B15CBA1A22A0B35E00BE7F2F /* Alert.swift */ = {isa = PBXFileReference; fileEncoding = 4; lastKnownFileType = sourcecode.swift; path = Alert.swift; sourceTree = "<group>"; };
		B15CBA1B22A0B35E00BE7F2F /* Post.swift */ = {isa = PBXFileReference; fileEncoding = 4; lastKnownFileType = sourcecode.swift; path = Post.swift; sourceTree = "<group>"; };
		B15CBA1D22A0B35E00BE7F2F /* UnderlineTextField.swift */ = {isa = PBXFileReference; fileEncoding = 4; lastKnownFileType = sourcecode.swift; path = UnderlineTextField.swift; sourceTree = "<group>"; };
		B15CBA1E22A0B35E00BE7F2F /* Switcher.swift */ = {isa = PBXFileReference; fileEncoding = 4; lastKnownFileType = sourcecode.swift; path = Switcher.swift; sourceTree = "<group>"; };
		B15CBA2622A0B39500BE7F2F /* SessionsVC.swift */ = {isa = PBXFileReference; fileEncoding = 4; lastKnownFileType = sourcecode.swift; path = SessionsVC.swift; sourceTree = "<group>"; };
		B15CBA2722A0B39500BE7F2F /* ForgotPassword.swift */ = {isa = PBXFileReference; fileEncoding = 4; lastKnownFileType = sourcecode.swift; path = ForgotPassword.swift; sourceTree = "<group>"; };
		B15CBA2822A0B39500BE7F2F /* SettingsVC.swift */ = {isa = PBXFileReference; fileEncoding = 4; lastKnownFileType = sourcecode.swift; path = SettingsVC.swift; sourceTree = "<group>"; };
		B15CBA2922A0B39500BE7F2F /* CreateQuestionVC.swift */ = {isa = PBXFileReference; fileEncoding = 4; lastKnownFileType = sourcecode.swift; path = CreateQuestionVC.swift; sourceTree = "<group>"; };
		B15CBA2A22A0B39500BE7F2F /* SignInVC.swift */ = {isa = PBXFileReference; fileEncoding = 4; lastKnownFileType = sourcecode.swift; path = SignInVC.swift; sourceTree = "<group>"; };
		B15CBA2B22A0B39500BE7F2F /* WelcomeNavController.swift */ = {isa = PBXFileReference; fileEncoding = 4; lastKnownFileType = sourcecode.swift; path = WelcomeNavController.swift; sourceTree = "<group>"; };
		B15CBA2C22A0B39500BE7F2F /* MainTabController.swift */ = {isa = PBXFileReference; fileEncoding = 4; lastKnownFileType = sourcecode.swift; path = MainTabController.swift; sourceTree = "<group>"; };
		B15CBA2D22A0B39500BE7F2F /* WelcomeVC.swift */ = {isa = PBXFileReference; fileEncoding = 4; lastKnownFileType = sourcecode.swift; path = WelcomeVC.swift; sourceTree = "<group>"; };
		B15CBA3822A0B47700BE7F2F /* LaunchScreen.storyboard */ = {isa = PBXFileReference; fileEncoding = 4; lastKnownFileType = file.storyboard; path = LaunchScreen.storyboard; sourceTree = "<group>"; };
		B15CBA3922A0B47700BE7F2F /* Main.storyboard */ = {isa = PBXFileReference; fileEncoding = 4; lastKnownFileType = file.storyboard; path = Main.storyboard; sourceTree = "<group>"; };
		B19903512269751E007A0FD5 /* Zefort.app */ = {isa = PBXFileReference; explicitFileType = wrapper.application; includeInIndex = 0; path = Zefort.app; sourceTree = BUILT_PRODUCTS_DIR; };
		B19903542269751E007A0FD5 /* AppDelegate.swift */ = {isa = PBXFileReference; lastKnownFileType = sourcecode.swift; path = AppDelegate.swift; sourceTree = "<group>"; };
		B199035D2269751F007A0FD5 /* Assets.xcassets */ = {isa = PBXFileReference; lastKnownFileType = folder.assetcatalog; path = Assets.xcassets; sourceTree = "<group>"; };
		B19903622269751F007A0FD5 /* Info.plist */ = {isa = PBXFileReference; lastKnownFileType = text.plist.xml; path = Info.plist; sourceTree = "<group>"; };
		B1B6EF9C22B8CE9E0071A271 /* MessageCell.xib */ = {isa = PBXFileReference; fileEncoding = 4; lastKnownFileType = file.xib; path = MessageCell.xib; sourceTree = "<group>"; };
		B1B6EF9D22B8CE9E0071A271 /* MessageCell.swift */ = {isa = PBXFileReference; fileEncoding = 4; lastKnownFileType = sourcecode.swift; path = MessageCell.swift; sourceTree = "<group>"; };
		B1B6EFA022B8D9800071A271 /* MessagesVC.swift */ = {isa = PBXFileReference; lastKnownFileType = sourcecode.swift; path = MessagesVC.swift; sourceTree = "<group>"; };
		B1D877EA22B6244A0043FC2C /* UIViewControllerExtension.swift */ = {isa = PBXFileReference; fileEncoding = 4; lastKnownFileType = sourcecode.swift; path = UIViewControllerExtension.swift; sourceTree = "<group>"; };
		B1D877EB22B6244A0043FC2C /* UIViewExtension.swift */ = {isa = PBXFileReference; fileEncoding = 4; lastKnownFileType = sourcecode.swift; path = UIViewExtension.swift; sourceTree = "<group>"; };
		B1D877EF22B6245C0043FC2C /* DataService.swift */ = {isa = PBXFileReference; fileEncoding = 4; lastKnownFileType = sourcecode.swift; path = DataService.swift; sourceTree = "<group>"; };
		B1D877F022B6245C0043FC2C /* AuthService.swift */ = {isa = PBXFileReference; fileEncoding = 4; lastKnownFileType = sourcecode.swift; path = AuthService.swift; sourceTree = "<group>"; };
		B1D877F322B624AD0043FC2C /* Question.swift */ = {isa = PBXFileReference; fileEncoding = 4; lastKnownFileType = sourcecode.swift; path = Question.swift; sourceTree = "<group>"; };
		B1D877F522B690060043FC2C /* UserCell.swift */ = {isa = PBXFileReference; lastKnownFileType = sourcecode.swift; path = UserCell.swift; sourceTree = "<group>"; };
		B1D877F722B7B62C0043FC2C /* RegisterVC.swift */ = {isa = PBXFileReference; fileEncoding = 4; lastKnownFileType = sourcecode.swift; name = RegisterVC.swift; path = ../../../XAROUND/XAROUND/Controller/RegisterVC.swift; sourceTree = "<group>"; };
		B1E6549622B7D79100E78E10 /* QuestionCell.swift */ = {isa = PBXFileReference; fileEncoding = 4; lastKnownFileType = sourcecode.swift; path = QuestionCell.swift; sourceTree = "<group>"; };
		B1E6549722B7D79100E78E10 /* QuestionCell.xib */ = {isa = PBXFileReference; fileEncoding = 4; lastKnownFileType = file.xib; path = QuestionCell.xib; sourceTree = "<group>"; };
		B1E7E5E122A0DCE9001ADA97 /* GoogleService-Info.plist */ = {isa = PBXFileReference; fileEncoding = 4; lastKnownFileType = text.plist.xml; path = "GoogleService-Info.plist"; sourceTree = "<group>"; };
/* End PBXFileReference section */

/* Begin PBXFrameworksBuildPhase section */
		B199034E2269751E007A0FD5 /* Frameworks */ = {
			isa = PBXFrameworksBuildPhase;
			buildActionMask = 2147483647;
			files = (
				DC84D3C34C8F7DFDBBE06BA3 /* Pods_Zefort.framework in Frameworks */,
			);
			runOnlyForDeploymentPostprocessing = 0;
		};
/* End PBXFrameworksBuildPhase section */

/* Begin PBXGroup section */
		1EF62FEBF54492FC21280A62 /* Pods */ = {
			isa = PBXGroup;
			children = (
				08D0A267BAF864AD960C3E9A /* Pods-Zefort.debug.xcconfig */,
				29160439A72953F1CF0F4318 /* Pods-Zefort.release.xcconfig */,
			);
			path = Pods;
			sourceTree = "<group>";
		};
		40A76EE368D648CFA61817AE /* Frameworks */ = {
			isa = PBXGroup;
			children = (
				A5786F01E65A8025F3B11F8C /* Pods_Zefort.framework */,
			);
			name = Frameworks;
			sourceTree = "<group>";
		};
		B10D00D522A0B14F0061C048 /* Model */ = {
			isa = PBXGroup;
			children = (
				B15CBA1A22A0B35E00BE7F2F /* Alert.swift */,
				B15CBA1B22A0B35E00BE7F2F /* Post.swift */,
				B1D877F322B624AD0043FC2C /* Question.swift */,
				B15CBA1E22A0B35E00BE7F2F /* Switcher.swift */,
				B15CBA1D22A0B35E00BE7F2F /* UnderlineTextField.swift */,
			);
			path = Model;
			sourceTree = "<group>";
		};
		B10D00D622A0B1560061C048 /* View */ = {
			isa = PBXGroup;
			children = (
				B1B6EF9A22B8CBB00071A271 /* Session Cell */,
				B1B6EF9B22B8CE9E0071A271 /* Message Cell */,
				B15CBA3922A0B47700BE7F2F /* Main.storyboard */,
				B15CBA3822A0B47700BE7F2F /* LaunchScreen.storyboard */,
				B1D877F522B690060043FC2C /* UserCell.swift */,
			);
			path = View;
			sourceTree = "<group>";
		};
		B10D00D722A0B15D0061C048 /* Controller */ = {
			isa = PBXGroup;
			children = (
				B19903542269751E007A0FD5 /* AppDelegate.swift */,
				B15CBA2B22A0B39500BE7F2F /* WelcomeNavController.swift */,
				B15CBA2D22A0B39500BE7F2F /* WelcomeVC.swift */,
				B1D877F722B7B62C0043FC2C /* RegisterVC.swift */,
				B15CBA2A22A0B39500BE7F2F /* SignInVC.swift */,
				B15CBA2722A0B39500BE7F2F /* ForgotPassword.swift */,
				B15CBA2C22A0B39500BE7F2F /* MainTabController.swift */,
				B15CBA2622A0B39500BE7F2F /* SessionsVC.swift */,
				B15CBA2922A0B39500BE7F2F /* CreateQuestionVC.swift */,
				B1B6EFA022B8D9800071A271 /* MessagesVC.swift */,
				B15CBA2822A0B39500BE7F2F /* SettingsVC.swift */,
			);
			path = Controller;
			sourceTree = "<group>";
		};
		B19903482269751E007A0FD5 = {
			isa = PBXGroup;
			children = (
				B19903532269751E007A0FD5 /* Zefort */,
				B19903522269751E007A0FD5 /* Products */,
				1EF62FEBF54492FC21280A62 /* Pods */,
				40A76EE368D648CFA61817AE /* Frameworks */,
			);
			sourceTree = "<group>";
		};
		B19903522269751E007A0FD5 /* Products */ = {
			isa = PBXGroup;
			children = (
				B19903512269751E007A0FD5 /* Zefort.app */,
			);
			name = Products;
			sourceTree = "<group>";
		};
		B19903532269751E007A0FD5 /* Zefort */ = {
			isa = PBXGroup;
			children = (
				B1D877E922B6244A0043FC2C /* Extension */,
				B1D877EE22B6245C0043FC2C /* Services */,
				B10D00D522A0B14F0061C048 /* Model */,
				B10D00D622A0B1560061C048 /* View */,
				B10D00D722A0B15D0061C048 /* Controller */,
				B199035D2269751F007A0FD5 /* Assets.xcassets */,
				B1E7E5E122A0DCE9001ADA97 /* GoogleService-Info.plist */,
				B19903622269751F007A0FD5 /* Info.plist */,
			);
			path = Zefort;
			sourceTree = "<group>";
		};
		B1B6EF9A22B8CBB00071A271 /* Session Cell */ = {
			isa = PBXGroup;
			children = (
				B1E6549622B7D79100E78E10 /* QuestionCell.swift */,
				B1E6549722B7D79100E78E10 /* QuestionCell.xib */,
			);
			path = "Session Cell";
			sourceTree = "<group>";
		};
		B1B6EF9B22B8CE9E0071A271 /* Message Cell */ = {
			isa = PBXGroup;
			children = (
				B1B6EF9C22B8CE9E0071A271 /* MessageCell.xib */,
				B1B6EF9D22B8CE9E0071A271 /* MessageCell.swift */,
			);
			path = "Message Cell";
			sourceTree = "<group>";
		};
		B1D877E922B6244A0043FC2C /* Extension */ = {
			isa = PBXGroup;
			children = (
				B1D877EA22B6244A0043FC2C /* UIViewControllerExtension.swift */,
				B1D877EB22B6244A0043FC2C /* UIViewExtension.swift */,
			);
			path = Extension;
			sourceTree = "<group>";
		};
		B1D877EE22B6245C0043FC2C /* Services */ = {
			isa = PBXGroup;
			children = (
				B1D877EF22B6245C0043FC2C /* DataService.swift */,
				B1D877F022B6245C0043FC2C /* AuthService.swift */,
			);
			path = Services;
			sourceTree = "<group>";
		};
/* End PBXGroup section */

/* Begin PBXNativeTarget section */
		B19903502269751E007A0FD5 /* Zefort */ = {
			isa = PBXNativeTarget;
			buildConfigurationList = B19903652269751F007A0FD5 /* Build configuration list for PBXNativeTarget "Zefort" */;
			buildPhases = (
				1C692761700BEF3BEFF84BB4 /* [CP] Check Pods Manifest.lock */,
				B199034D2269751E007A0FD5 /* Sources */,
				B199034E2269751E007A0FD5 /* Frameworks */,
				B199034F2269751E007A0FD5 /* Resources */,
				F1C0776B3D8A6DA40A1F4D7D /* [CP] Embed Pods Frameworks */,
			);
			buildRules = (
			);
			dependencies = (
			);
			name = Zefort;
			productName = Zefort;
			productReference = B19903512269751E007A0FD5 /* Zefort.app */;
			productType = "com.apple.product-type.application";
		};
/* End PBXNativeTarget section */

/* Begin PBXProject section */
		B19903492269751E007A0FD5 /* Project object */ = {
			isa = PBXProject;
			attributes = {
				LastSwiftUpdateCheck = 1020;
				LastUpgradeCheck = 1020;
				ORGANIZATIONNAME = Zyepher;
				TargetAttributes = {
					B19903502269751E007A0FD5 = {
						CreatedOnToolsVersion = 10.2;
					};
				};
			};
			buildConfigurationList = B199034C2269751E007A0FD5 /* Build configuration list for PBXProject "Zefort" */;
			compatibilityVersion = "Xcode 9.3";
			developmentRegion = en;
			hasScannedForEncodings = 0;
			knownRegions = (
				en,
				Base,
			);
			mainGroup = B19903482269751E007A0FD5;
			productRefGroup = B19903522269751E007A0FD5 /* Products */;
			projectDirPath = "";
			projectRoot = "";
			targets = (
				B19903502269751E007A0FD5 /* Zefort */,
			);
		};
/* End PBXProject section */

/* Begin PBXResourcesBuildPhase section */
		B199034F2269751E007A0FD5 /* Resources */ = {
			isa = PBXResourcesBuildPhase;
			buildActionMask = 2147483647;
			files = (
				B15CBA3B22A0B47700BE7F2F /* Main.storyboard in Resources */,
				B1B6EF9E22B8CE9E0071A271 /* MessageCell.xib in Resources */,
				B199035E2269751F007A0FD5 /* Assets.xcassets in Resources */,
				B1E6549922B7D79100E78E10 /* QuestionCell.xib in Resources */,
				B1E7E5E222A0DCE9001ADA97 /* GoogleService-Info.plist in Resources */,
				B15CBA3A22A0B47700BE7F2F /* LaunchScreen.storyboard in Resources */,
			);
			runOnlyForDeploymentPostprocessing = 0;
		};
/* End PBXResourcesBuildPhase section */

/* Begin PBXShellScriptBuildPhase section */
		1C692761700BEF3BEFF84BB4 /* [CP] Check Pods Manifest.lock */ = {
			isa = PBXShellScriptBuildPhase;
			buildActionMask = 2147483647;
			files = (
			);
			inputFileListPaths = (
			);
			inputPaths = (
				"${PODS_PODFILE_DIR_PATH}/Podfile.lock",
				"${PODS_ROOT}/Manifest.lock",
			);
			name = "[CP] Check Pods Manifest.lock";
			outputFileListPaths = (
			);
			outputPaths = (
				"$(DERIVED_FILE_DIR)/Pods-Zefort-checkManifestLockResult.txt",
			);
			runOnlyForDeploymentPostprocessing = 0;
			shellPath = /bin/sh;
			shellScript = "diff \"${PODS_PODFILE_DIR_PATH}/Podfile.lock\" \"${PODS_ROOT}/Manifest.lock\" > /dev/null\nif [ $? != 0 ] ; then\n    # print error to STDERR\n    echo \"error: The sandbox is not in sync with the Podfile.lock. Run 'pod install' or update your CocoaPods installation.\" >&2\n    exit 1\nfi\n# This output is used by Xcode 'outputs' to avoid re-running this script phase.\necho \"SUCCESS\" > \"${SCRIPT_OUTPUT_FILE_0}\"\n";
			showEnvVarsInLog = 0;
		};
		F1C0776B3D8A6DA40A1F4D7D /* [CP] Embed Pods Frameworks */ = {
			isa = PBXShellScriptBuildPhase;
			buildActionMask = 2147483647;
			files = (
			);
			inputFileListPaths = (
			);
			inputPaths = (
				"${PODS_ROOT}/Target Support Files/Pods-Zefort/Pods-Zefort-frameworks.sh",
				"${BUILT_PRODUCTS_DIR}/GTMSessionFetcher/GTMSessionFetcher.framework",
				"${BUILT_PRODUCTS_DIR}/GoogleUtilities/GoogleUtilities.framework",
				"${BUILT_PRODUCTS_DIR}/leveldb-library/leveldb.framework",
				"${BUILT_PRODUCTS_DIR}/nanopb/nanopb.framework",
			);
			name = "[CP] Embed Pods Frameworks";
			outputFileListPaths = (
			);
			outputPaths = (
				"${TARGET_BUILD_DIR}/${FRAMEWORKS_FOLDER_PATH}/GTMSessionFetcher.framework",
				"${TARGET_BUILD_DIR}/${FRAMEWORKS_FOLDER_PATH}/GoogleUtilities.framework",
				"${TARGET_BUILD_DIR}/${FRAMEWORKS_FOLDER_PATH}/leveldb.framework",
				"${TARGET_BUILD_DIR}/${FRAMEWORKS_FOLDER_PATH}/nanopb.framework",
			);
			runOnlyForDeploymentPostprocessing = 0;
			shellPath = /bin/sh;
			shellScript = "\"${PODS_ROOT}/Target Support Files/Pods-Zefort/Pods-Zefort-frameworks.sh\"\n";
			showEnvVarsInLog = 0;
		};
/* End PBXShellScriptBuildPhase section */

/* Begin PBXSourcesBuildPhase section */
		B199034D2269751E007A0FD5 /* Sources */ = {
			isa = PBXSourcesBuildPhase;
			buildActionMask = 2147483647;
			files = (
				B1D877F422B624AD0043FC2C /* Question.swift in Sources */,
				B15CBA3222A0B39500BE7F2F /* SettingsVC.swift in Sources */,
				B15CBA3022A0B39500BE7F2F /* SessionsVC.swift in Sources */,
				B15CBA3622A0B39500BE7F2F /* MainTabController.swift in Sources */,
				B1D877EC22B6244A0043FC2C /* UIViewControllerExtension.swift in Sources */,
				B19903552269751E007A0FD5 /* AppDelegate.swift in Sources */,
				B1D877F122B6245C0043FC2C /* DataService.swift in Sources */,
				B1E6549822B7D79100E78E10 /* QuestionCell.swift in Sources */,
				B1D877F222B6245C0043FC2C /* AuthService.swift in Sources */,
				B1D877ED22B6244A0043FC2C /* UIViewExtension.swift in Sources */,
				B15CBA3522A0B39500BE7F2F /* WelcomeNavController.swift in Sources */,
				B1B6EF9F22B8CE9E0071A271 /* MessageCell.swift in Sources */,
				B15CBA2322A0B35E00BE7F2F /* Switcher.swift in Sources */,
				B15CBA3422A0B39500BE7F2F /* SignInVC.swift in Sources */,
				B15CBA1F22A0B35E00BE7F2F /* Alert.swift in Sources */,
				B1D877F822B7B62C0043FC2C /* RegisterVC.swift in Sources */,
				B15CBA3322A0B39500BE7F2F /* CreateQuestionVC.swift in Sources */,
				B15CBA2022A0B35E00BE7F2F /* Post.swift in Sources */,
				B15CBA2222A0B35E00BE7F2F /* UnderlineTextField.swift in Sources */,
				B15CBA3122A0B39500BE7F2F /* ForgotPassword.swift in Sources */,
				B1D877F622B690060043FC2C /* UserCell.swift in Sources */,
				B1B6EFA122B8D9800071A271 /* MessagesVC.swift in Sources */,
				B15CBA3722A0B39500BE7F2F /* WelcomeVC.swift in Sources */,
			);
			runOnlyForDeploymentPostprocessing = 0;
		};
/* End PBXSourcesBuildPhase section */

/* Begin XCBuildConfiguration section */
		B19903632269751F007A0FD5 /* Debug */ = {
			isa = XCBuildConfiguration;
			buildSettings = {
				ALWAYS_SEARCH_USER_PATHS = NO;
				CLANG_ANALYZER_NONNULL = YES;
				CLANG_ANALYZER_NUMBER_OBJECT_CONVERSION = YES_AGGRESSIVE;
				CLANG_CXX_LANGUAGE_STANDARD = "gnu++14";
				CLANG_CXX_LIBRARY = "libc++";
				CLANG_ENABLE_MODULES = YES;
				CLANG_ENABLE_OBJC_ARC = YES;
				CLANG_ENABLE_OBJC_WEAK = YES;
				CLANG_WARN_BLOCK_CAPTURE_AUTORELEASING = YES;
				CLANG_WARN_BOOL_CONVERSION = YES;
				CLANG_WARN_COMMA = YES;
				CLANG_WARN_CONSTANT_CONVERSION = YES;
				CLANG_WARN_DEPRECATED_OBJC_IMPLEMENTATIONS = YES;
				CLANG_WARN_DIRECT_OBJC_ISA_USAGE = YES_ERROR;
				CLANG_WARN_DOCUMENTATION_COMMENTS = YES;
				CLANG_WARN_EMPTY_BODY = YES;
				CLANG_WARN_ENUM_CONVERSION = YES;
				CLANG_WARN_INFINITE_RECURSION = YES;
				CLANG_WARN_INT_CONVERSION = YES;
				CLANG_WARN_NON_LITERAL_NULL_CONVERSION = YES;
				CLANG_WARN_OBJC_IMPLICIT_RETAIN_SELF = YES;
				CLANG_WARN_OBJC_LITERAL_CONVERSION = YES;
				CLANG_WARN_OBJC_ROOT_CLASS = YES_ERROR;
				CLANG_WARN_RANGE_LOOP_ANALYSIS = YES;
				CLANG_WARN_STRICT_PROTOTYPES = YES;
				CLANG_WARN_SUSPICIOUS_MOVE = YES;
				CLANG_WARN_UNGUARDED_AVAILABILITY = YES_AGGRESSIVE;
				CLANG_WARN_UNREACHABLE_CODE = YES;
				CLANG_WARN__DUPLICATE_METHOD_MATCH = YES;
				CODE_SIGN_IDENTITY = "iPhone Developer";
				COPY_PHASE_STRIP = NO;
				DEBUG_INFORMATION_FORMAT = dwarf;
				ENABLE_STRICT_OBJC_MSGSEND = YES;
				ENABLE_TESTABILITY = YES;
				GCC_C_LANGUAGE_STANDARD = gnu11;
				GCC_DYNAMIC_NO_PIC = NO;
				GCC_NO_COMMON_BLOCKS = YES;
				GCC_OPTIMIZATION_LEVEL = 0;
				GCC_PREPROCESSOR_DEFINITIONS = (
					"DEBUG=1",
					"$(inherited)",
				);
				GCC_WARN_64_TO_32_BIT_CONVERSION = YES;
				GCC_WARN_ABOUT_RETURN_TYPE = YES_ERROR;
				GCC_WARN_UNDECLARED_SELECTOR = YES;
				GCC_WARN_UNINITIALIZED_AUTOS = YES_AGGRESSIVE;
				GCC_WARN_UNUSED_FUNCTION = YES;
				GCC_WARN_UNUSED_VARIABLE = YES;
				IPHONEOS_DEPLOYMENT_TARGET = 12.2;
				MTL_ENABLE_DEBUG_INFO = INCLUDE_SOURCE;
				MTL_FAST_MATH = YES;
				ONLY_ACTIVE_ARCH = YES;
				SDKROOT = iphoneos;
				SWIFT_ACTIVE_COMPILATION_CONDITIONS = DEBUG;
				SWIFT_OPTIMIZATION_LEVEL = "-Onone";
			};
			name = Debug;
		};
		B19903642269751F007A0FD5 /* Release */ = {
			isa = XCBuildConfiguration;
			buildSettings = {
				ALWAYS_SEARCH_USER_PATHS = NO;
				CLANG_ANALYZER_NONNULL = YES;
				CLANG_ANALYZER_NUMBER_OBJECT_CONVERSION = YES_AGGRESSIVE;
				CLANG_CXX_LANGUAGE_STANDARD = "gnu++14";
				CLANG_CXX_LIBRARY = "libc++";
				CLANG_ENABLE_MODULES = YES;
				CLANG_ENABLE_OBJC_ARC = YES;
				CLANG_ENABLE_OBJC_WEAK = YES;
				CLANG_WARN_BLOCK_CAPTURE_AUTORELEASING = YES;
				CLANG_WARN_BOOL_CONVERSION = YES;
				CLANG_WARN_COMMA = YES;
				CLANG_WARN_CONSTANT_CONVERSION = YES;
				CLANG_WARN_DEPRECATED_OBJC_IMPLEMENTATIONS = YES;
				CLANG_WARN_DIRECT_OBJC_ISA_USAGE = YES_ERROR;
				CLANG_WARN_DOCUMENTATION_COMMENTS = YES;
				CLANG_WARN_EMPTY_BODY = YES;
				CLANG_WARN_ENUM_CONVERSION = YES;
				CLANG_WARN_INFINITE_RECURSION = YES;
				CLANG_WARN_INT_CONVERSION = YES;
				CLANG_WARN_NON_LITERAL_NULL_CONVERSION = YES;
				CLANG_WARN_OBJC_IMPLICIT_RETAIN_SELF = YES;
				CLANG_WARN_OBJC_LITERAL_CONVERSION = YES;
				CLANG_WARN_OBJC_ROOT_CLASS = YES_ERROR;
				CLANG_WARN_RANGE_LOOP_ANALYSIS = YES;
				CLANG_WARN_STRICT_PROTOTYPES = YES;
				CLANG_WARN_SUSPICIOUS_MOVE = YES;
				CLANG_WARN_UNGUARDED_AVAILABILITY = YES_AGGRESSIVE;
				CLANG_WARN_UNREACHABLE_CODE = YES;
				CLANG_WARN__DUPLICATE_METHOD_MATCH = YES;
				CODE_SIGN_IDENTITY = "iPhone Developer";
				COPY_PHASE_STRIP = NO;
				DEBUG_INFORMATION_FORMAT = "dwarf-with-dsym";
				ENABLE_NS_ASSERTIONS = NO;
				ENABLE_STRICT_OBJC_MSGSEND = YES;
				GCC_C_LANGUAGE_STANDARD = gnu11;
				GCC_NO_COMMON_BLOCKS = YES;
				GCC_WARN_64_TO_32_BIT_CONVERSION = YES;
				GCC_WARN_ABOUT_RETURN_TYPE = YES_ERROR;
				GCC_WARN_UNDECLARED_SELECTOR = YES;
				GCC_WARN_UNINITIALIZED_AUTOS = YES_AGGRESSIVE;
				GCC_WARN_UNUSED_FUNCTION = YES;
				GCC_WARN_UNUSED_VARIABLE = YES;
				IPHONEOS_DEPLOYMENT_TARGET = 12.2;
				MTL_ENABLE_DEBUG_INFO = NO;
				MTL_FAST_MATH = YES;
				SDKROOT = iphoneos;
				SWIFT_COMPILATION_MODE = wholemodule;
				SWIFT_OPTIMIZATION_LEVEL = "-O";
				VALIDATE_PRODUCT = YES;
			};
			name = Release;
		};
		B19903662269751F007A0FD5 /* Debug */ = {
			isa = XCBuildConfiguration;
			baseConfigurationReference = 08D0A267BAF864AD960C3E9A /* Pods-Zefort.debug.xcconfig */;
			buildSettings = {
				ASSETCATALOG_COMPILER_APPICON_NAME = AppIcon;
				CODE_SIGN_STYLE = Automatic;
				DEVELOPMENT_TEAM = 99B9F2WU7G;
				INFOPLIST_FILE = Zefort/Info.plist;
				LD_RUNPATH_SEARCH_PATHS = (
					"$(inherited)",
					"@executable_path/Frameworks",
				);
				PRODUCT_BUNDLE_IDENTIFIER = com.Zyepher.Zefort;
				PRODUCT_NAME = "$(TARGET_NAME)";
				SWIFT_VERSION = 5.0;
				TARGETED_DEVICE_FAMILY = "1,2";
			};
			name = Debug;
		};
		B19903672269751F007A0FD5 /* Release */ = {
			isa = XCBuildConfiguration;
			baseConfigurationReference = 29160439A72953F1CF0F4318 /* Pods-Zefort.release.xcconfig */;
			buildSettings = {
				ASSETCATALOG_COMPILER_APPICON_NAME = AppIcon;
				CODE_SIGN_STYLE = Automatic;
				DEVELOPMENT_TEAM = 99B9F2WU7G;
				INFOPLIST_FILE = Zefort/Info.plist;
				LD_RUNPATH_SEARCH_PATHS = (
					"$(inherited)",
					"@executable_path/Frameworks",
				);
				PRODUCT_BUNDLE_IDENTIFIER = com.Zyepher.Zefort;
				PRODUCT_NAME = "$(TARGET_NAME)";
				SWIFT_VERSION = 5.0;
				TARGETED_DEVICE_FAMILY = "1,2";
			};
			name = Release;
		};
/* End XCBuildConfiguration section */

/* Begin XCConfigurationList section */
		B199034C2269751E007A0FD5 /* Build configuration list for PBXProject "Zefort" */ = {
			isa = XCConfigurationList;
			buildConfigurations = (
				B19903632269751F007A0FD5 /* Debug */,
				B19903642269751F007A0FD5 /* Release */,
			);
			defaultConfigurationIsVisible = 0;
			defaultConfigurationName = Release;
		};
		B19903652269751F007A0FD5 /* Build configuration list for PBXNativeTarget "Zefort" */ = {
			isa = XCConfigurationList;
			buildConfigurations = (
				B19903662269751F007A0FD5 /* Debug */,
				B19903672269751F007A0FD5 /* Release */,
			);
			defaultConfigurationIsVisible = 0;
			defaultConfigurationName = Release;
		};
/* End XCConfigurationList section */
	};
	rootObject = B19903492269751E007A0FD5 /* Project object */;
}
